
Microsoft Visual Studio Solution File, Format Version 11.00
# Visual Studio 2010
Project("{f2a71f9b-5d33-465a-a702-920d77279786}") = "LinkedDataResearch", "LinkedDataResearch.fsproj", "{76D77D5A-CA74-4391-8BD9-91B290DA6FDD}"
EndProject
Global
	GlobalSection(SolutionConfigurationPlatforms) = preSolution
		Debug|Any CPU = Debug|Any CPU
		Release|Any CPU = Release|Any CPU
	EndGlobalSection
	GlobalSection(ProjectConfigurationPlatforms) = postSolution
		{76D77D5A-CA74-4391-8BD9-91B290DA6FDD}.Debug|Any CPU.ActiveCfg = Debug|Any CPU
		{76D77D5A-CA74-4391-8BD9-91B290DA6FDD}.Debug|Any CPU.Build.0 = Debug|Any CPU
		{76D77D5A-CA74-4391-8BD9-91B290DA6FDD}.Release|Any CPU.ActiveCfg = Release|Any CPU
		{76D77D5A-CA74-4391-8BD9-91B290DA6FDD}.Release|Any CPU.Build.0 = Release|Any CPU
	EndGlobalSection
	GlobalSection(MonoDevelopProperties) = preSolution
		StartupItem = LinkedDataResearch.fsproj
	EndGlobalSection
EndGlobal
